
Microsoft Visual Studio Solution File, Format Version 12.00
# Visual Studio Version 17
VisualStudioVersion = 17.13.35806.99 d17.13
MinimumVisualStudioVersion = 10.0.40219.1
Project("{FAE04EC0-301F-11D3-BF4B-00C04F79EFBC}") = "LiveTrains", "LiveTrains\LiveTrains.csproj", "{581F2EDB-423A-483C-AE94-EC95702F713B}"
EndProject
Global
	GlobalSection(SolutionConfigurationPlatforms) = preSolution
		Debug|Any CPU = Debug|Any CPU
		Release|Any CPU = Release|Any CPU
	EndGlobalSection
	GlobalSection(ProjectConfigurationPlatforms) = postSolution
		{581F2EDB-423A-483C-AE94-EC95702F713B}.Debug|Any CPU.ActiveCfg = Debug|Any CPU
		{581F2EDB-423A-483C-AE94-EC95702F713B}.Debug|Any CPU.Build.0 = Debug|Any CPU
		{581F2EDB-423A-483C-AE94-EC95702F713B}.Release|Any CPU.ActiveCfg = Release|Any CPU
		{581F2EDB-423A-483C-AE94-EC95702F713B}.Release|Any CPU.Build.0 = Release|Any CPU
	EndGlobalSection
	GlobalSection(SolutionProperties) = preSolution
		HideSolutionNode = FALSE
	EndGlobalSection
	GlobalSection(ExtensibilityGlobals) = postSolution
		SolutionGuid = {F761F87B-172F-4FA7-8CBF-6DA611B4D70F}
	EndGlobalSection
EndGlobal
